
Microsoft Visual Studio Solution File, Format Version 12.00
# Visual Studio Version 17
VisualStudioVersion = 17.3.32929.385
MinimumVisualStudioVersion = 10.0.40219.1
Project("{FAE04EC0-301F-11D3-BF4B-00C04F79EFBC}") = "Tema_2_Notite", "Tema_2_Notite\Tema_2_Notite.csproj", "{23C87632-16ED-4E7A-AEF4-0A6A46B3231A}"
EndProject
Global
	GlobalSection(SolutionConfigurationPlatforms) = preSolution
		Debug|Any CPU = Debug|Any CPU
		Release|Any CPU = Release|Any CPU
	EndGlobalSection
	GlobalSection(ProjectConfigurationPlatforms) = postSolution
		{23C87632-16ED-4E7A-AEF4-0A6A46B3231A}.Debug|Any CPU.ActiveCfg = Debug|Any CPU
		{23C87632-16ED-4E7A-AEF4-0A6A46B3231A}.Debug|Any CPU.Build.0 = Debug|Any CPU
		{23C87632-16ED-4E7A-AEF4-0A6A46B3231A}.Release|Any CPU.ActiveCfg = Release|Any CPU
		{23C87632-16ED-4E7A-AEF4-0A6A46B3231A}.Release|Any CPU.Build.0 = Release|Any CPU
	EndGlobalSection
	GlobalSection(SolutionProperties) = preSolution
		HideSolutionNode = FALSE
	EndGlobalSection
	GlobalSection(ExtensibilityGlobals) = postSolution
		SolutionGuid = {C3FEA2F0-4BA1-4AD8-9023-37411A5FE041}
	EndGlobalSection
EndGlobal
